
Microsoft Visual Studio Solution File, Format Version 12.00
# Visual Studio Version 17
VisualStudioVersion = 17.13.35931.197 d17.13
MinimumVisualStudioVersion = 10.0.40219.1
Project("{FAE04EC0-301F-11D3-BF4B-00C04F79EFBC}") = "Variables-DataTypes-Algoritm", "Variables-DataTypes-Algoritm\Variables-DataTypes-Algoritm.csproj", "{6065983C-E6D5-4DEB-931C-48772A455911}"
EndProject
Global
	GlobalSection(SolutionConfigurationPlatforms) = preSolution
		Debug|Any CPU = Debug|Any CPU
		Release|Any CPU = Release|Any CPU
	EndGlobalSection
	GlobalSection(ProjectConfigurationPlatforms) = postSolution
		{6065983C-E6D5-4DEB-931C-48772A455911}.Debug|Any CPU.ActiveCfg = Debug|Any CPU
		{6065983C-E6D5-4DEB-931C-48772A455911}.Debug|Any CPU.Build.0 = Debug|Any CPU
		{6065983C-E6D5-4DEB-931C-48772A455911}.Release|Any CPU.ActiveCfg = Release|Any CPU
		{6065983C-E6D5-4DEB-931C-48772A455911}.Release|Any CPU.Build.0 = Release|Any CPU
	EndGlobalSection
	GlobalSection(SolutionProperties) = preSolution
		HideSolutionNode = FALSE
	EndGlobalSection
	GlobalSection(ExtensibilityGlobals) = postSolution
		SolutionGuid = {EEECEC45-3FEE-49D4-A6F5-987B4FD6F8F1}
	EndGlobalSection
EndGlobal
